
Microsoft Visual Studio Solution File, Format Version 12.00
# Visual Studio 14
VisualStudioVersion = 14.0.25420.1
MinimumVisualStudioVersion = 10.0.40219.1
Project("{FAE04EC0-301F-11D3-BF4B-00C04F79EFBC}") = "MarkPredictor", "MarkPredictor\MarkPredictor.csproj", "{AFAB385A-A09A-4A94-8321-D9C21B0797E8}"
EndProject
Project("{D954291E-2A0B-460D-934E-DC6B0785DB48}") = "MarkPredictor.Shared", "MarkPredictor.Shared\MarkPredictor.Shared.shproj", "{D1FB376A-E8BF-42E1-9AF5-DE75A54D08A6}"
EndProject
Global
	GlobalSection(SharedMSBuildProjectFiles) = preSolution
		MarkPredictor.Shared\MarkPredictor.Shared.projitems*{afab385a-a09a-4a94-8321-d9c21b0797e8}*SharedItemsImports = 4
		MarkPredictor.Shared\MarkPredictor.Shared.projitems*{d1fb376a-e8bf-42e1-9af5-de75a54d08a6}*SharedItemsImports = 13
	EndGlobalSection
	GlobalSection(SolutionConfigurationPlatforms) = preSolution
		Debug|Any CPU = Debug|Any CPU
		Release|Any CPU = Release|Any CPU
	EndGlobalSection
	GlobalSection(ProjectConfigurationPlatforms) = postSolution
		{AFAB385A-A09A-4A94-8321-D9C21B0797E8}.Debug|Any CPU.ActiveCfg = Debug|Any CPU
		{AFAB385A-A09A-4A94-8321-D9C21B0797E8}.Debug|Any CPU.Build.0 = Debug|Any CPU
		{AFAB385A-A09A-4A94-8321-D9C21B0797E8}.Release|Any CPU.ActiveCfg = Release|Any CPU
		{AFAB385A-A09A-4A94-8321-D9C21B0797E8}.Release|Any CPU.Build.0 = Release|Any CPU
	EndGlobalSection
	GlobalSection(SolutionProperties) = preSolution
		HideSolutionNode = FALSE
	EndGlobalSection
EndGlobal
